# Exact allowed additions for the pinned official Isaac ROS 5.0 amd64 base.
# 391 versions from its observed RT-DETR package transaction (zero upgrades/removals),
# plus release-5.0 YOLO and CUDA-13 cuDNN. Only the resolved graph closure is installed.
# Columns: Debian package, exact version, SHA256 (-: use authenticated APT index).
# Isaac release index: https://isaac.download.nvidia.com/isaac-ros/release-5.0/dists/noble/main/binary-amd64/Packages.gz
# SHA256 eebf557ce63baeb89cc74c6104ba4303e80edb8b7a2468ef09ad12085cc29c76
# Signed by 9EEB7195A4BD947C572666F9BBE5EA6DE681BCAB (2026-09-22).
# CUDA index: https://developer.download.nvidia.com/compute/cuda/repos/ubuntu2404/x86_64/Packages.gz
# SHA256 89e7a790162a562367492815ae91d7ee29079ec4a036ca96ce4c7de143f61b5f
# Signed by EB693B3035CD5710E231E123A4B469963BF863CC (2026-09-30).
# Generic ROS hashes: https://isaac.download.nvidia.com/isaac-ros/ubuntu/main/dists/noble/main/binary-amd64/Packages.gz
ca-certificates-java	20240118	-
cuda-cccl-13-2	13.2.86-1	44a2457b6e71cdea22f6d486618fcf34ef75698561a7c7b2df3175cf9a97c033
cuda-command-line-tools-13-2	13.2.2-1	8c572c3b1f4af459b687532c467a89ac58b6b5768c69b939a7c5cd09fe074ff1
cuda-compiler-13-2	13.2.2-1	4635fef06367d2b5d76f78f8c7b90a45d5b4c3f25a7c2552b2d70bd7454a39e8
cuda-crt-13-2	13.2.86-1	a0a9719a9f382a79ab343e21c4fda9de1ef6a4145bfcd6a4744aad06e0c9d4f8
cuda-cudart-13-2	13.2.86-1	6f5c230f993f4971eec9f91b756ba3827fa0ff1419eeba9862d02f88247c34bf
cuda-cudart-dev-13-2	13.2.86-1	f7682b556638eef82b5a5f7046dd4ab5ee799cbd42ef5e8edc585f1dc826e901
cuda-culibos-dev-13-2	13.2.86-1	1caca3e39170ab1571a694583765c21539c58292332b737b999e0d897311a23f
cuda-cuobjdump-13-2	13.2.86-1	09023a5255c11f7075c0407483d3bb64220b4139013946bf259ea55aadf8dbb1
cuda-cupti-13-2	13.2.86-1	96d449894db64a6c575effbe2255c1a0249520436a321b8253a21a1cc00b4c04
cuda-cupti-dev-13-2	13.2.86-1	811b3beaac54f646ddf309a6b4c876f7b651fc000e6bb730d4664d297cc80929
cuda-cuxxfilt-13-2	13.2.86-1	e133f9687d6fcb83806b71c87046b1d6b703347139884f6686849373637f4693
cuda-documentation-13-2	13.2.86-1	f61d01d539e8d32f9216cf3c7e23720732fdafb6a57fc5f77fce88b73628b55c
cuda-driver-dev-13-2	13.2.86-1	ba113b074282ba57132a7dd44d3d454dc43d0b069cdfef992f3bd4f910b76711
cuda-gdb-13-2	13.2.86-1	ca21bf7fd461bdf34a1633773807fe13f8bead6a14ac87549b260144eb82be99
cuda-libraries-13-2	13.2.2-1	26b2c6f57d96671e6f03c9987ad8d3af9609ebb50479ea9b2190744608285981
cuda-libraries-dev-13-2	13.2.2-1	e94d2a31ee110e62ec6b4c5baf5285e4b5d4614065a6b0aeafebebafffae615e
cuda-nsight-13-2	13.2.86-1	dcdc33057f11dad1273bbbb1b416b43237358fdb14b2b7d0bd556768bc4ecde6
cuda-nsight-compute-13-2	13.2.2-1	15307ef7d1a12e41949f04f63feb81979439fddc5a0054302c6707ab8f7a28b0
cuda-nsight-systems-13-2	13.2.2-1	3952294420d619142f6dd426936fbae2237013ed95d224418ccb6ea37a4cce19
cuda-nvcc-13-2	13.2.86-1	8ac5c08904a69fe48cbbd36545e278242e9e872fdf455f40fb50c8bb62725d2e
cuda-nvdisasm-13-2	13.2.86-1	9d3ba750108356723313fa6e42d396a50fff8b00fc6f092a7b098537ac430b79
cuda-nvml-dev-13-2	13.2.86-1	d452ef6a6fedbe2c8a8ea3a1a57924b7d10c1a74127961c15ac0258e4ef80225
cuda-nvprune-13-2	13.2.86-1	5af8746abcb5fc85da649f25b7b200d7eef5723e02455f1c21ddd38a5b474449
cuda-nvrtc-13-2	13.2.86-1	aeae8669122bbb9bd08ad49842732b815dbc8e433d065dbb6cc072deb3d2a05c
cuda-nvrtc-dev-13-2	13.2.86-1	21fb98b996525aeb9521436a63e96f906b0df528bb94eff7358e20c79a2f57ac
cuda-nvtx-13-2	13.2.86-1	2382d2286eeac980b190b6036dce287ee7ec806b7c2f7b95b0f28a96c1d793e2
cuda-opencl-13-2	13.2.86-1	44b1cd191d06849a456d43e9105f77f7eaa1b48bad37bd3d8618fdafd9e06d26
cuda-profiler-api-13-2	13.2.86-1	fda41bfba2ff6eeb7f6fb71325d1ce178797cb8f6fcf822e0bcf4e4b4b6c8d05
cuda-sandbox-dev-13-2	13.2.86-1	54df4085fe97b6c7e6a696d6f1cdd2975b363d14654bff4777c34c365791df82
cuda-sanitizer-13-2	13.2.87-1	8899b0126b75be7ff0df6b11b685312b180c5928f567c67f1e4962d4df6b4aad
cuda-tileiras-13-2	13.2.86-1	7a2d1c944b6b58544bd4d290359180c8aeec46c4ee11c801894ed8255cbaae75
cuda-toolkit-13-2	13.2.2-1	8b6c620c46c089a9a7042b31b0b8df232b9cca3a2ac8cd6245f2a4ef8d376d65
cuda-toolkit-13-2-config-common	13.2.86-1	46491ab1a16047bc1a9f30c4eb785e325637164055dfac9f40c206099e45bc55
cuda-toolkit-13-config-common	13.2.86-1	e4e487936d971e5e965b1a19bc15d8e6e7339bdabc4567ce304af44f6af124e6
cuda-toolkit-config-common	13.2.86-1	bc3c6c303b6a3aefe8472696a40613411c9895d0bf7d080b292444770e2d63c6
cuda-tools-13-2	13.2.2-1	388463d5ea361de763887f6da18be2efc7ec0bb101808217243539d1323cf46e
cuda-visual-tools-13-2	13.2.2-1	d1840d856bb4ec95328858c94705383e0354e62aa5cf67b13f1ec9b79c304190
cvcuda0-dev	0.14.0	fd0dc9d13516461d5607466d3b443838deb5ab71f149c9fc61289e87e75eaa65
default-jre	2:1.21-75+exp1	-
default-jre-headless	2:1.21-75+exp1	-
gdal-data	3.8.4+dfsg-3ubuntu3	-
gdal-plugins	3.8.4+dfsg-3ubuntu3	-
gds-tools-13-2	1.17.1.22-1	eb577d862b7054b9deb96f90f774ed4b0a197be0a504f33f9b5e4354fbbca49d
ibverbs-providers	50.0-2ubuntu0.2	-
iso-codes	4.16.0-1	-
java-common	0.75+exp1	-
libaec0	1.1.2-1build1	-
libamd-comgr2	6.0+git20231212.4510c28+dfsg-3build2	-
libamdhip64-5	5.7.1-3	-
libarmadillo12	1:12.6.7+dfsg-1build2	-
libarpack2t64	3.9.1-1.1build2	-
libasound2-data	1.2.11-1ubuntu0.3	-
libasound2t64	1.2.11-1ubuntu0.3	-
libavcodec-dev	7:6.1.1-3ubuntu5	-
libavcodec60	7:6.1.1-3ubuntu5	-
libavformat-dev	7:6.1.1-3ubuntu5	-
libavformat60	7:6.1.1-3ubuntu5	-
libavutil-dev	7:6.1.1-3ubuntu5	-
libavutil58	7:6.1.1-3ubuntu5	-
libblosc1	1.21.5+ds-1build1	-
libbluray2	1:1.3.4-1build1	-
libboost-python1.83.0	1.83.0-2.1ubuntu3.2	-
libcfitsio10t64	4.3.1-1.1build2	-
libcharls2	2.4.2-2build2	-
libchromaprint1	1.5.1-5	-
libcjson1	1.7.17-1	-
libcodec2-1.2	1.2.0-2build1	-
libcublas-13-2	13.4.1.3-1	96044f7ee0edc04d8c51bb1cdf6fdc20920032a9099f8f35917de02650903f04
libcublas-dev-13-2	13.4.1.3-1	a77afded1f606e32ca734d808151685e13eea5df492876f56b88455a0bd076a4
libcudnn9-cuda-13	9.22.0.52-1	ce742f5efb504c9fb18abda03361e4e0e9b71df4085ade6e25e5ae6f0347f7a7
libcufft-13-2	12.2.0.57-1	5135d70b15700e85acd91ba3a9b3841a4859b2ea2c92f90e57cce08b12f416e3
libcufft-dev-13-2	12.2.0.57-1	cac7e7d090958112941971f54b765328c6a71afddfa04b4c0db7c6aa42380bb8
libcufile-13-2	1.17.1.22-1	8fb38b562a6bd0573a0f82210d249bc4f56e87b613013b6ae5511e2b26aac5d0
libcufile-dev-13-2	1.17.1.22-1	50ebe87a673e7e1a05ccce29a20e062a64b4c03041225b9a3ba3c32186b12404
libcuobjclient-13-2	1.1.1.22-1	e4b077c1873a176d30d1c23bb2c4fb35eb1e8780fb83e0e0691e6d468a27378b
libcuobjclient-dev-13-2	1.1.1.22-1	77b71ea00b4b822abf525470a648ad689667bb628641c1d16760ebee71cebc2d
libcurand-13-2	10.4.2.66-1	16cbee471023112506eee4ca63edfc0e016f6418ab9c5367bdf1dc9afbef499a
libcurand-dev-13-2	10.4.2.66-1	99998f4aff1da3184b656c643121f0ffb6d94360f3fa88d910e28934cafee8c5
libcusolver-13-2	12.2.0.11-1	70c496a6563dc974a621b40604e6bfaf19f417e1348c96080dd82b7942b4c095
libcusolver-dev-13-2	12.2.0.11-1	9b85620746f59b88c7237c6548678c78b183a6005e55e8e4fa2070f72ed0b977
libcusparse-13-2	12.7.10.12-1	09d89d000907895892acfd322af580204c9bfedf7d20df895da7fbc164d0c855
libcusparse-dev-13-2	12.7.10.12-1	36a614fb260e1c016118d85f4d44b251401e34b3678cb57831510925ad07baa6
libcvcuda0	0.14.0	f1784aa26e0773267a52d48e51f7bf3293ea4c754fb0eae50ba22314129e3496
libdav1d7	1.4.1-1build1	-
libdc1394-25	2.2.6-4build1	-
libdc1394-dev	2.2.6-4build1	-
libdeflate-dev	1.19-1build1.1	-
libdouble-conversion3	3.3.0-1build1	-
libdrm-amdgpu1	2.4.125-1ubuntu0.1~24.04.2	-
libdrm-common	2.4.125-1ubuntu0.1~24.04.2	-
libdrm-intel1	2.4.125-1ubuntu0.1~24.04.2	-
libdrm2	2.4.125-1ubuntu0.1~24.04.2	-
libegl-mesa0	25.2.8-0ubuntu0.24.04.4	-
libegl1	1.7.0-1build1	-
libevdev2	1.13.1+dfsg-1build1	-
libevent-core-2.1-7t64	2.1.12-stable-9ubuntu2.2	-
libevent-pthreads-2.1-7t64	2.1.12-stable-9ubuntu2.2	-
libexif-dev	0.6.24-1ubuntu0.24.04.1	-
libexif12	0.6.24-1ubuntu0.24.04.1	-
libfabric1	1.17.0-3build2	-
libfreexl1	2.0.0-1build2	-
libfyba0t64	4.1.1-11build1	-
libgbm1	25.2.8-0ubuntu0.24.04.4	-
libgdal34t64	3.8.4+dfsg-3ubuntu3	-
libgdcm-dev	3.0.22-2.1ubuntu1	-
libgdcm3.0t64	3.0.22-2.1ubuntu1	-
libgeos-c1t64	3.12.1-3build1	-
libgeos3.12.1t64	3.12.1-3build1	-
libgeotiff5	1.7.1-5build1	-
libgif7	5.2.2-1ubuntu1.2	-
libgl1	1.7.0-1build1	-
libgl1-mesa-dri	25.2.8-0ubuntu0.24.04.4	-
libgl2ps1.4	1.4.2+dfsg1-2build1	-
libglew2.2	2.2.0-4build1	-
libglvnd0	1.7.0-1build1	-
libglx-mesa0	25.2.8-0ubuntu0.24.04.4	-
libglx0	1.7.0-1build1	-
libgme0	0.6.3-7build1	-
libgphoto2-6t64	2.5.31-2.1ubuntu1.1	-
libgphoto2-dev	2.5.31-2.1ubuntu1.1	-
libgphoto2-port12t64	2.5.31-2.1ubuntu1.1	-
libgsm1	1.0.22-1build1	-
libgstreamer-plugins-base1.0-0	1.24.2-1ubuntu0.5	-
libgstreamer1.0-0	1.24.2-1ubuntu0.1	-
libgudev-1.0-0	1:238-5ubuntu1	-
libhdf4-0-alt	4.2.16-4build1	-
libhdf5-103-1t64	1.10.10+repack-3.1ubuntu4	-
libhdf5-hl-100t64	1.10.10+repack-3.1ubuntu4	-
libhsa-runtime64-1	5.7.1-2build1	-
libhsakmt1	5.7.0-1build1	-
libhwloc-plugins	2.10.0-1build1	-
libhwloc15	2.10.0-1build1	-
libhwy1t64	1.0.7-8.1build1	-
libibverbs1	50.0-2ubuntu0.2	-
libimath-3-1-29t64	3.1.9-3.1ubuntu2	-
libimath-dev	3.1.9-3.1ubuntu2	-
libinput-bin	1.25.0-1ubuntu3.7	-
libinput10	1.25.0-1ubuntu3.7	-
libjbig-dev	2.1-6.1ubuntu2	-
libjpeg-dev	8c-2ubuntu11	-
libjpeg-turbo8-dev	2.1.5-2ubuntu2	-
libjpeg8-dev	8c-2ubuntu11	-
libjxl0.7	0.7.0-10.2ubuntu6.1	-
libkmlbase1t64	1.3.0-12build1	-
libkmldom1t64	1.3.0-12build1	-
libkmlengine1t64	1.3.0-12build1	-
liblept5	1.82.0-3build4	-
liblerc-dev	4.0.0+ds-4ubuntu2	-
libllvm17t64	1:17.0.6-9ubuntu1	-
libllvm20	1:20.1.2-0ubuntu1~24.04.3	-
liblzma-dev	5.6.1+really5.4.5-1ubuntu0.3	-
libmbedcrypto7t64	2.28.8-1	-
libmd4c0	0.4.8-1build1	-
libminizip1t64	1:1.3.dfsg-3.1ubuntu2.2	-
libmp3lame0	3.100-6build1	-
libmpg123-0t64	1.32.5-1ubuntu1.1	-
libmtdev1t64	1.1.6-1.1build1	-
libmunge2	0.5.15-4ubuntu0.1	-
libmysqlclient21	8.0.46-0ubuntu0.24.04.4	-
libnetcdf19t64	1:4.9.2-5ubuntu4	-
libnl-3-200	3.7.0-0.3build1.1	-
libnl-route-3-200	3.7.0-0.3build1.1	-
libnorm1t64	1.5.9+dfsg-3.1build1	-
libnpp-13-2	13.1.0.59-1	9c214ee9483a6d0a744ab959772540a6200ebbe5a79b0846379a9eb9531869c0
libnpp-dev-13-2	13.1.0.59-1	d1e3e34e6b888d7f19b37d33f732005908d0c0223dbf77718d8aff2d0ece2e48
libnspr4	2:4.35-1.1build1	-
libnss3	2:3.98-1ubuntu0.2	-
libnvfatbin-13-2	13.2.86-1	22ac6758f53d89734ec35c6c172418869f4697a59e033b62a37e3409a46dc81f
libnvfatbin-dev-13-2	13.2.86-1	5054c3b98ac6d1532a5349153378a4fa8d86d47924d9fe28cb6753b8edcfdc9c
libnvinfer-bin	10.16.1.11-1+cuda13.2	9e8d84f1686cb65183a363e7c93dd336d51432122ca08d2a968067a9fc3e1185
libnvinfer-dev	10.16.1.11-1+cuda13.2	a4c19a83bee77d798f502f753c8090851d09f9e1c242bd9392d0f4b721f94137
libnvinfer-dispatch-dev	10.16.1.11-1+cuda13.2	64d18fb6830d5c734af52a2ac4c5f57a7e427c7c335ab3cee5bf4323c142196b
libnvinfer-dispatch10	10.16.1.11-1+cuda13.2	81b93a9ff70e112680bdbe8e6279690037d1a9e49b72e17797d3cf234753777b
libnvinfer-headers-dev	10.16.1.11-1+cuda13.2	8447e3fc65f46bf28907c7d03c39f3fa86ef2bf6ec46afb848ea6533fb7fcd65
libnvinfer-headers-plugin-dev	10.16.1.11-1+cuda13.2	984928eb397f48c5b39b658bb6a2a77b188b094ea4e0091e3b6225a6c94f4b1f
libnvinfer-headers-python-plugin-dev	10.16.1.11-1+cuda13.2	d55826211679949a138151ff408d0ab027659e16ebfbfed8f24981d8a211f949
libnvinfer-lean-dev	10.16.1.11-1+cuda13.2	c287fccbbdd0533f832eee97fe9fe96c487c6b83ae5d100b5e105b186264c714
libnvinfer-lean10	10.16.1.11-1+cuda13.2	8a2e60cd95d87a771d34046563ec4026e02bf9f03e830e6748155e0813d3ab55
libnvinfer-plugin-dev	10.16.1.11-1+cuda13.2	990c547f44091dcba6c35bea751b576738069d715f9b169f390dedddc1755a0f
libnvinfer-plugin10	10.16.1.11-1+cuda13.2	05ea299164a1985c7f7cdfd3e218d3fa25a0be43d784fb16b6bc3d3fa29c4938
libnvinfer-safe-headers-dev	10.16.1.11-1+cuda13.2	7f10c4ab145c926a8d26cca92501b794ad04fa73d806d43302af49e5fca46fe1
libnvinfer-vc-plugin-dev	10.16.1.11-1+cuda13.2	66d1e105d8ca37c52e4746bfe2017b0f9061f53a60248061eb62644309a5d76d
libnvinfer-vc-plugin10	10.16.1.11-1+cuda13.2	92c8ab0e9ff11c77f0b06cc854201aee966969bb5e93065de7aacab730083565
libnvinfer-win-builder-resource10	10.16.1.11-1+cuda13.2	6ab8dd35fc4595ce2948582cee0ae58fea432353b4bbb650324d1b6518710cb0
libnvinfer10	10.16.1.11-1+cuda13.2	3d2caaf0796fab517fffea327727ef829f46510fb1cd6bcd0efc84cb3b1ef002
libnvjitlink-13-2	13.2.86-1	d63d3933e941209872e0705a676c779b212a25a7af34f2f274636e1e39b7dc67
libnvjitlink-dev-13-2	13.2.86-1	63fc155f1d786a6c4972c3a46468648e482ed77d17f60e57e6576ac7ad8614cb
libnvjpeg-13-2	13.1.0.59-1	62ba50fda7ccd5e7aeed7a69cb31ddc6e378d5719116d0fd323cd3ac3810c3a5
libnvjpeg-dev-13-2	13.1.0.59-1	21503d23b4caa0083dc97ab09af065ee4db4d59142be376cceb6a1574c7804cb
libnvonnxparsers-dev	10.16.1.11-1+cuda13.2	9904cbbc32d4b0f8eb665ffd2758ee10b74a3a3afb19c8e164b2c4a83a98bcd1
libnvonnxparsers10	10.16.1.11-1+cuda13.2	cd379a1d03d92f104d5659e0cb62302a781a17806ba103c01a699da5c8648dd6
libnvptxcompiler-13-2	13.2.86-1	232fb201d5a482d607d7be57fc087333d50fad9d0c32332f91c9034127dc1dc6
libnvvm-13-2	13.2.86-1	a4806fe86ee3f47cc912fe1dd9fe68e831536d4572386ea7a4ee2ad969943f5e
libnvvpi4	4.1.4	-
libodbc2	2.3.12-1ubuntu0.24.04.1	-
libodbcinst2	2.3.12-1ubuntu0.24.04.1	-
libogdi4.1	4.1.1+ds-3build1	-
libogg0	1.3.5-3build1	-
libopencv-calib3d-dev	4.6.0+dfsg-13.1ubuntu1	-
libopencv-calib3d406t64	4.6.0+dfsg-13.1ubuntu1	-
libopencv-contrib-dev	4.6.0+dfsg-13.1ubuntu1	-
libopencv-contrib406t64	4.6.0+dfsg-13.1ubuntu1	-
libopencv-core-dev	4.6.0+dfsg-13.1ubuntu1	-
libopencv-core406t64	4.6.0+dfsg-13.1ubuntu1	-
libopencv-dev	4.6.0+dfsg-13.1ubuntu1	-
libopencv-dnn-dev	4.6.0+dfsg-13.1ubuntu1	-
libopencv-dnn406t64	4.6.0+dfsg-13.1ubuntu1	-
libopencv-features2d-dev	4.6.0+dfsg-13.1ubuntu1	-
libopencv-features2d406t64	4.6.0+dfsg-13.1ubuntu1	-
libopencv-flann-dev	4.6.0+dfsg-13.1ubuntu1	-
libopencv-flann406t64	4.6.0+dfsg-13.1ubuntu1	-
libopencv-highgui-dev	4.6.0+dfsg-13.1ubuntu1	-
libopencv-highgui406t64	4.6.0+dfsg-13.1ubuntu1	-
libopencv-imgcodecs-dev	4.6.0+dfsg-13.1ubuntu1	-
libopencv-imgcodecs406t64	4.6.0+dfsg-13.1ubuntu1	-
libopencv-imgproc-dev	4.6.0+dfsg-13.1ubuntu1	-
libopencv-imgproc406t64	4.6.0+dfsg-13.1ubuntu1	-
libopencv-ml-dev	4.6.0+dfsg-13.1ubuntu1	-
libopencv-ml406t64	4.6.0+dfsg-13.1ubuntu1	-
libopencv-objdetect-dev	4.6.0+dfsg-13.1ubuntu1	-
libopencv-objdetect406t64	4.6.0+dfsg-13.1ubuntu1	-
libopencv-photo-dev	4.6.0+dfsg-13.1ubuntu1	-
libopencv-photo406t64	4.6.0+dfsg-13.1ubuntu1	-
libopencv-shape-dev	4.6.0+dfsg-13.1ubuntu1	-
libopencv-shape406t64	4.6.0+dfsg-13.1ubuntu1	-
libopencv-stitching-dev	4.6.0+dfsg-13.1ubuntu1	-
libopencv-stitching406t64	4.6.0+dfsg-13.1ubuntu1	-
libopencv-superres-dev	4.6.0+dfsg-13.1ubuntu1	-
libopencv-superres406t64	4.6.0+dfsg-13.1ubuntu1	-
libopencv-video-dev	4.6.0+dfsg-13.1ubuntu1	-
libopencv-video406t64	4.6.0+dfsg-13.1ubuntu1	-
libopencv-videoio-dev	4.6.0+dfsg-13.1ubuntu1	-
libopencv-videoio406t64	4.6.0+dfsg-13.1ubuntu1	-
libopencv-videostab-dev	4.6.0+dfsg-13.1ubuntu1	-
libopencv-videostab406t64	4.6.0+dfsg-13.1ubuntu1	-
libopencv-viz-dev	4.6.0+dfsg-13.1ubuntu1	-
libopencv-viz406t64	4.6.0+dfsg-13.1ubuntu1	-
libopenexr-3-1-30	3.1.5-5.1build3	-
libopenexr-dev	3.1.5-5.1build3	-
libopengl0	1.7.0-1build1	-
libopenmpi3t64	4.1.6-7ubuntu2	-
libopenmpt0t64	0.7.3-1.1build3	-
libopus0	1.4-1build1	-
liborc-0.4-0t64	1:0.4.38-1ubuntu0.1	-
libpciaccess0	0.17-3ubuntu0.24.04.3	-
libpcre2-16-0	10.42-4ubuntu2.1	-
libpcsclite1	2.0.3-1build1	-
libpgm-5.3-0t64	5.3.128~dfsg-2.1build1	-
libpmix2t64	5.0.1-4.1build1	-
libpng-dev	1.6.43-5ubuntu0.6	-
libpoppler134	24.02.0-1ubuntu9.9	-
libpq5	16.15-0ubuntu0.24.04.1	-
libproj25	9.4.0-1build2	-
libprotobuf32t64	3.21.12-8.2ubuntu0.3	-
libpsm-infinipath1	3.3+20.604758e7-6.3build1	-
libpsm2-2	11.2.185-2build1	-
libqhull-r8.0	2020.2-6build1	-
libqt5core5t64	5.15.13+dfsg-1ubuntu1	-
libqt5dbus5t64	5.15.13+dfsg-1ubuntu1	-
libqt5gui5t64	5.15.13+dfsg-1ubuntu1	-
libqt5network5t64	5.15.13+dfsg-1ubuntu1	-
libqt5opengl5t64	5.15.13+dfsg-1ubuntu1	-
libqt5test5t64	5.15.13+dfsg-1ubuntu1	-
libqt5widgets5t64	5.15.13+dfsg-1ubuntu1	-
librabbitmq4	0.11.0-1ubuntu0.2	-
librav1e0	0.7.1-2	-
libraw1394-11	2.1.2-2build3	-
libraw1394-dev	2.1.2-2build3	-
librdmacm1t64	50.0-2ubuntu0.2	-
librist4	0.2.10+dfsg-2	-
librttopo1	1.1.0-3build2	-
libsensors-config	1:3.6.0-9build1	-
libsensors5	1:3.6.0-9build1	-
libsharpyuv-dev	1.3.2-0.4build3	-
libshine3	3.1.1-2build1	-
libsnappy1v5	1.1.10-1build1	-
libsocket++1	1.12.13+git20131030.5d039ba-1build1	-
libsodium23	1.0.18-1ubuntu0.24.04.1	-
libsoxr0	0.1.3-4build3	-
libspatialite8t64	5.1.0-3build1	-
libspeex1	1.2.1-2ubuntu2.24.04.1	-
libsrt1.5-gnutls	1.5.3-1build2	-
libssh-gcrypt-4	0.10.6-2ubuntu0.5	-
libsuperlu6	6.0.1+dfsg1-1build1	-
libsvtav1enc1d1	1.7.0+dfsg-2build1	-
libswresample-dev	7:6.1.1-3ubuntu5	-
libswresample4	7:6.1.1-3ubuntu5	-
libswscale-dev	7:6.1.1-3ubuntu5	-
libswscale7	7:6.1.1-3ubuntu5	-
libsz2	1.1.2-1build1	-
libtbb-dev	2021.11.0-2ubuntu2	-
libtbb12	2021.11.0-2ubuntu2	-
libtbbbind-2-5	2021.11.0-2ubuntu2	-
libtbbmalloc2	2021.11.0-2ubuntu2	-
libtcl8.6	8.6.14+dfsg-1build1	-
libtesseract5	5.3.4-1build5	-
libtheora0	1.1.1+dfsg.1-16.1build3	-
libtiff-dev	4.5.1+git230720-4ubuntu2.5	-
libtiffxx6	4.5.1+git230720-4ubuntu2.5	-
libtirpc-common	1.3.4+ds-1.1build1	-
libtirpc3t64	1.3.4+ds-1.1build1	-
libtk8.6	8.6.14-1build1	-
libtwolame0	0.4.0-2build3	-
libucx0	1.16.0+ds-5ubuntu1	-
libudfread0	1.1.2-1build1	-
libunwind8	1.6.2-3build1.1	-
liburiparser1	0.9.7+dfsg-2build1	-
libusb-1.0-0	2:1.0.27-1	-
libva-drm2	2.20.0-2ubuntu0.2	-
libva-x11-2	2.20.0-2ubuntu0.2	-
libva2	2.20.0-2ubuntu0.2	-
libvdpau1	1.5-2build1	-
libvorbis0a	1.3.7-1build3	-
libvorbisenc2	1.3.7-1build3	-
libvorbisfile3	1.3.7-1build3	-
libvpl2	2023.3.0-1build1	-
libvpx9	1.14.0-1ubuntu2.3	-
libvtk9.1t64	9.1.0+really9.1.0+dfsg2-7.1build3	-
libvulkan1	1.3.275.0-1build1	-
libwacom-common	2.10.0-2	-
libwacom9	2.10.0-2	-
libwebp-dev	1.3.2-0.4build3	-
libwebpdecoder3	1.3.2-0.4build3	-
libx11-xcb1	2:1.8.7-1build1	-
libx264-164	2:0.164.3108+git31e19f9-1	-
libx265-199	3.5-2build1	-
libxcb-cursor0	0.1.4-1build1	-
libxcb-dri2-0	1.15-1ubuntu2	-
libxcb-dri3-0	1.15-1ubuntu2	-
libxcb-glx0	1.15-1ubuntu2	-
libxcb-icccm4	0.4.1-1.1build3	-
libxcb-image0	0.4.0-2build1	-
libxcb-keysyms1	0.4.0-1build4	-
libxcb-present0	1.15-1ubuntu2	-
libxcb-randr0	1.15-1ubuntu2	-
libxcb-render-util0	0.3.9-1build4	-
libxcb-shape0	1.15-1ubuntu2	-
libxcb-sync1	1.15-1ubuntu2	-
libxcb-util1	0.4.0-1build3	-
libxcb-xfixes0	1.15-1ubuntu2	-
libxcb-xinerama0	1.15-1ubuntu2	-
libxcb-xinput0	1.15-1ubuntu2	-
libxcb-xkb1	1.15-1ubuntu2	-
libxerces-c3.2t64	3.2.4+debian-1.2ubuntu2	-
libxft2	2.3.6-1build1	-
libxkbcommon-x11-0	1.6.0-1build1	-
libxnvctrl0	615.71.09-2ubuntu1	613f771a5ac086218214c252b09378778de6b245220e323494bde55a8b313128
libxshmfence1	1.3-1build5	-
libxss1	1:1.2.3-1build3	-
libxvidcore4	2:1.3.7-1build1	-
libxxf86vm1	1:1.1.4-1build4	-
libzmq5	4.3.5-1build2	-
libzvbi-common	0.2.42-2	-
libzvbi0t64	0.2.42-2	-
mesa-libgallium	25.2.8-0ubuntu0.24.04.4	-
mysql-common	5.8+1.1.0build1	-
nsight-compute-2026.1.1	2026.1.1.2-1	f1ead828efaf27835dd6fbbc2d9f2f058f99490ba034e1f4a037a3ed0188be00
nsight-systems-2025.6.3	2025.6.3.541-256337736014v0	3aae3ce86316c07c9d743a0af009a3a8a1819a2f1f016487989e495173d0ce0d
ocl-icd-libopencl1	2.3.2-1build1	-
openjdk-21-jre	21.0.12.1+1-1~24.04.4	-
openjdk-21-jre-headless	21.0.12.1+1-1~24.04.4	-
proj-data	9.4.0-1build2	-
python3-libnvinfer	10.16.1.11-1+cuda13.2	bf096a155457c4ca36ed7c43353c72bb0a4657d663e096c94d5ac52a6332d486
python3-libnvinfer-dev	10.16.1.11-1+cuda13.2	b9b53a72c4a9d89ed6cdb412d7cdde68bf89b8026fe0c676ffd22559d7cd759b
python3-libnvinfer-dispatch	10.16.1.11-1+cuda13.2	6190dba075f01936510473d34d1c5e6c282380b8a25bd2a922e7f3f73d880a36
python3-libnvinfer-lean	10.16.1.11-1+cuda13.2	184aedcfc4b7a9aeda551422656f67807646950fb15550f571e22edf7b4c2196
python3-opencv	4.6.0+dfsg-13.1ubuntu1	-
ros-lyrical-cuda-buffer	0.1.2-2noble.20260918011121000	5cde6463c162e8bfdb21ebc8a1eab47a54c53810f1d71796f3a46271caeeba21
ros-lyrical-cuda-buffer-backend-msgs	0.1.2-1noble.20260818.192627	e66b02e7cb19a19f87cc63eb94d224f68b652b7ebe580425d605ab59fd6ef35c
ros-lyrical-cv-bridge	4.1.0-3noble.20260818.111737	5aa61205ac2e090057e08f1453a40d50c1029f0e0928c0b1d89387ad38b2fcba
ros-lyrical-cvcuda-conversions	5.0.0-0noble.20260918011121000	6c8adb0079030e3728acf4748f2e1a50fac176fd6082c441dfbd6a09bb5e0c01
ros-lyrical-isaac-ros-benchmark	5.0.0-0noble.20260918011121000	7423def8f5762f45e5a4ab6f5e4f19e8b8bd3fe04228ef9c968cf3b2cc17d06b
ros-lyrical-isaac-ros-common	5.0.0-0noble.20260918011121000	0b04086f0f9c49681893fcea873fe155a87bb77fcfcd113e0db60d941d009c04
ros-lyrical-isaac-ros-cvcuda-utils	5.0.0-0noble.20260918011121000	9664b3f5c4b9a626dfb212cc5c426b49062823f2b05d5e82cd59f435ae13fe91
ros-lyrical-isaac-ros-dnn-image-encoder	5.0.0-0noble.20260918011121000	546ec6040dcbefea6ae66f1c8f052fdca1edbd508c78de993ec444c64f8d5a32
ros-lyrical-isaac-ros-image-proc	5.0.0-0noble.20260918011121000	4d58cdf55198cc8b3f90efa44b98412da6e8838ddf700c7cf3893cbebfe98fd1
ros-lyrical-isaac-ros-pointcloud-interfaces	5.0.0-0noble.20260918011121000	8792812957efb95fa3e6849254de5bafe9ca5bee1567bc812a53ffe257e19ec6
ros-lyrical-isaac-ros-rtdetr	5.0.0-0noble.20260918011121000	43856ec9f5efbfece6a9a5cca388efa3da08e8d751ae177d17dbc6e7861d7ab2
ros-lyrical-isaac-ros-rtdetr-benchmark	5.0.0-0noble.20260918011121000	a98b1ef41a6f09660e19193c72f11c9cfc665714308f2b9b0f0328cc606ae7bc
ros-lyrical-isaac-ros-rtdetr-models-install	5.0.0-0noble.20260918011121000	ca64cd4d042a2e6f87bc8ab6f92dc5a682a5192022fed07e43f004c0ab7ae010
ros-lyrical-isaac-ros-tensor-msgs	5.0.0-0noble.20260918011121000	a0d03265685f32b3dfc9795d3e5fb8355c5fbd4b82e2e5510160a74fcf38cc97
ros-lyrical-isaac-ros-tensor-proc	5.0.0-0noble.20260918011121000	1c54c7864764d66cb25e982f40b1ab451aa3fa0109c5c4686b81f7dd1a76ff7e
ros-lyrical-isaac-ros-tensor-rt	5.0.0-0noble.20260918011121000	a27467345474281fefee447a9d1de60e8d772992e03700b28b1a8f2f8ce31424
ros-lyrical-isaac-ros-yolov8	5.0.0-0noble.20260918011121000	e32fe47fea30ffb89af30daa365795aa4a6b9e55331f771df450ba228a745eaa
ros-lyrical-ros2-benchmark	5.0.0-0noble.20260918011121000	01056d69a37d6550a933b928e855eeda36f9928c10adbfa771d8e5409da46f67
ros-lyrical-ros2-benchmark-interfaces	5.0.0-0noble.20260918011121000	5e62da07e01b70583f0637e6e0f828017201596f505f0dc8c697e78276938f79
ros-lyrical-tensor-msgs	0.1.2-1noble.20260818.093534	2ee3f1654cb9de6d5603bbd3f6f44f94dc840bd9794c0b118aeb349b4e28b840
ros-lyrical-tensorrt-conversions	5.0.0-0noble.20260918011121000	289da6cec7f46e212bcbd8ddd82fbcb189397dee02d2de7bcf43b92a5755732b
ros-lyrical-vision-msgs	4.2.0-3noble.20260818.171944	6a2b4c4330318ecb0d624781fe65adf267b82ca737beeea6dbf7cb4bd42f81b4
tensorrt	10.16.1.11-1+cuda13.2	88b331b4a0f723949855735b9cbab8a4e37eb7a2069f412779bfb59c3ca367ce
unixodbc-common	2.3.12-1ubuntu0.24.04.1	-
vpi4-dev	4.1.4	-
